# This file is automatically @generated by Cargo.
# It is not intended for manual editing.
version = 4

[[package]]
name = "echo-ai"
version = "0.1.0"

[[package]]
name = "echo-ai-core"
version = "0.1.0"

[[package]]
name = "echo-ai-server"
version = "0.1.0"

[[package]]
name = "echo-ai-tui"
version = "0.1.0"
